// !$*UTF8*$!
{
	archiveVersion = 1;
	classes = {
	};
	objectVersion = 50;
	objects = {

/* Begin PBXBuildFile section */
		4703D11E21DE02840061413F /* AppDelegate.m in Sources */ = {isa = PBXBuildFile; fileRef = 4703D11D21DE02840061413F /* AppDelegate.m */; };
		4703D12121DE02840061413F /* ViewController.m in Sources */ = {isa = PBXBuildFile; fileRef = 4703D12021DE02840061413F /* ViewController.m */; };
		4703D12421DE02840061413F /* Main.storyboard in Resources */ = {isa = PBXBuildFile; fileRef = 4703D12221DE02840061413F /* Main.storyboard */; };
		4703D12621DE02860061413F /* Assets.xcassets in Resources */ = {isa = PBXBuildFile; fileRef = 4703D12521DE02860061413F /* Assets.xcassets */; };
		4703D12921DE02860061413F /* LaunchScreen.storyboard in Resources */ = {isa = PBXBuildFile; fileRef = 4703D12721DE02860061413F /* LaunchScreen.storyboard */; };
		4703D12C21DE02860061413F /* main.m in Sources */ = {isa = PBXBuildFile; fileRef = 4703D12B21DE02860061413F /* main.m */; };
		4703D13621DE02860061413F /* YellowHairCarTests.m in Sources */ = {isa = PBXBuildFile; fileRef = 4703D13521DE02860061413F /* YellowHairCarTests.m */; };
		4703D14121DE02860061413F /* YellowHairCarUITests.m in Sources */ = {isa = PBXBuildFile; fileRef = 4703D14021DE02860061413F /* YellowHairCarUITests.m */; };
		C0184811EB688C4DE6F60224 /* Pods_YellowHairCar.framework in Frameworks */ = {isa = PBXBuildFile; fileRef = C4B5224C9F4904A54EFC27A8 /* Pods_YellowHairCar.framework */; };
/* End PBXBuildFile section */

/* Begin PBXContainerItemProxy section */
		4703D13221DE02860061413F /* PBXContainerItemProxy */ = {
			isa = PBXContainerItemProxy;
			containerPortal = 4703D11121DE02840061413F /* Project object */;
			proxyType = 1;
			remoteGlobalIDString = 4703D11821DE02840061413F;
			remoteInfo = YellowHairCar;
		};
		4703D13D21DE02860061413F /* PBXContainerItemProxy */ = {
			isa = PBXContainerItemProxy;
			containerPortal = 4703D11121DE02840061413F /* Project object */;
			proxyType = 1;
			remoteGlobalIDString = 4703D11821DE02840061413F;
			remoteInfo = YellowHairCar;
		};
/* End PBXContainerItemProxy section */

/* Begin PBXFileReference section */
		4703D11921DE02840061413F /* YellowHairCar.app */ = {isa = PBXFileReference; explicitFileType = wrapper.application; includeInIndex = 0; path = YellowHairCar.app; sourceTree = BUILT_PRODUCTS_DIR; };
		4703D11C21DE02840061413F /* AppDelegate.h */ = {isa = PBXFileReference; lastKnownFileType = sourcecode.c.h; path = AppDelegate.h; sourceTree = "<group>"; };
		4703D11D21DE02840061413F /* AppDelegate.m */ = {isa = PBXFileReference; lastKnownFileType = sourcecode.c.objc; path = AppDelegate.m; sourceTree = "<group>"; };
		4703D11F21DE02840061413F /* ViewController.h */ = {isa = PBXFileReference; lastKnownFileType = sourcecode.c.h; path = ViewController.h; sourceTree = "<group>"; };
		4703D12021DE02840061413F /* ViewController.m */ = {isa = PBXFileReference; lastKnownFileType = sourcecode.c.objc; path = ViewController.m; sourceTree = "<group>"; };
		4703D12321DE02840061413F /* Base */ = {isa = PBXFileReference; lastKnownFileType = file.storyboard; name = Base; path = Base.lproj/Main.storyboard; sourceTree = "<group>"; };
		4703D12521DE02860061413F /* Assets.xcassets */ = {isa = PBXFileReference; lastKnownFileType = folder.assetcatalog; path = Assets.xcassets; sourceTree = "<group>"; };
		4703D12821DE02860061413F /* Base */ = {isa = PBXFileReference; lastKnownFileType = file.storyboard; name = Base; path = Base.lproj/LaunchScreen.storyboard; sourceTree = "<group>"; };
		4703D12A21DE02860061413F /* Info.plist */ = {isa = PBXFileReference; lastKnownFileType = text.plist.xml; path = Info.plist; sourceTree = "<group>"; };
		4703D12B21DE02860061413F /* main.m */ = {isa = PBXFileReference; lastKnownFileType = sourcecode.c.objc; path = main.m; sourceTree = "<group>"; };
		4703D13121DE02860061413F /* YellowHairCarTests.xctest */ = {isa = PBXFileReference; explicitFileType = wrapper.cfbundle; includeInIndex = 0; path = YellowHairCarTests.xctest; sourceTree = BUILT_PRODUCTS_DIR; };
		4703D13521DE02860061413F /* YellowHairCarTests.m */ = {isa = PBXFileReference; lastKnownFileType = sourcecode.c.objc; path = YellowHairCarTests.m; sourceTree = "<group>"; };
		4703D13721DE02860061413F /* Info.plist */ = {isa = PBXFileReference; lastKnownFileType = text.plist.xml; path = Info.plist; sourceTree = "<group>"; };
		4703D13C21DE02860061413F /* YellowHairCarUITests.xctest */ = {isa = PBXFileReference; explicitFileType = wrapper.cfbundle; includeInIndex = 0; path = YellowHairCarUITests.xctest; sourceTree = BUILT_PRODUCTS_DIR; };
		4703D14021DE02860061413F /* YellowHairCarUITests.m */ = {isa = PBXFileReference; lastKnownFileType = sourcecode.c.objc; path = YellowHairCarUITests.m; sourceTree = "<group>"; };
		4703D14221DE02860061413F /* Info.plist */ = {isa = PBXFileReference; lastKnownFileType = text.plist.xml; path = Info.plist; sourceTree = "<group>"; };
		4703D15C21DE12B80061413F /* YellowHairCarPCH.pch */ = {isa = PBXFileReference; lastKnownFileType = sourcecode.c.h; path = YellowHairCarPCH.pch; sourceTree = "<group>"; };
		B9ED43C967802D2A86AC3DF7 /* Pods-YellowHairCar.release.xcconfig */ = {isa = PBXFileReference; includeInIndex = 1; lastKnownFileType = text.xcconfig; name = "Pods-YellowHairCar.release.xcconfig"; path = "Target Support Files/Pods-YellowHairCar/Pods-YellowHairCar.release.xcconfig"; sourceTree = "<group>"; };
		C4B5224C9F4904A54EFC27A8 /* Pods_YellowHairCar.framework */ = {isa = PBXFileReference; explicitFileType = wrapper.framework; includeInIndex = 0; path = Pods_YellowHairCar.framework; sourceTree = BUILT_PRODUCTS_DIR; };
		EF4504DAE773535ACF67C731 /* Pods-YellowHairCar.debug.xcconfig */ = {isa = PBXFileReference; includeInIndex = 1; lastKnownFileType = text.xcconfig; name = "Pods-YellowHairCar.debug.xcconfig"; path = "Target Support Files/Pods-YellowHairCar/Pods-YellowHairCar.debug.xcconfig"; sourceTree = "<group>"; };
/* End PBXFileReference section */

/* Begin PBXFrameworksBuildPhase section */
		4703D11621DE02840061413F /* Frameworks */ = {
			isa = PBXFrameworksBuildPhase;
			buildActionMask = 2147483647;
			files = (
				C0184811EB688C4DE6F60224 /* Pods_YellowHairCar.framework in Frameworks */,
			);
			runOnlyForDeploymentPostprocessing = 0;
		};
		4703D12E21DE02860061413F /* Frameworks */ = {
			isa = PBXFrameworksBuildPhase;
			buildActionMask = 2147483647;
			files = (
			);
			runOnlyForDeploymentPostprocessing = 0;
		};
		4703D13921DE02860061413F /* Frameworks */ = {
			isa = PBXFrameworksBuildPhase;
			buildActionMask = 2147483647;
			files = (
			);
			runOnlyForDeploymentPostprocessing = 0;
		};
/* End PBXFrameworksBuildPhase section */

/* Begin PBXGroup section */
		4703D11021DE02840061413F = {
			isa = PBXGroup;
			children = (
				4703D11B21DE02840061413F /* YellowHairCar */,
				4703D13421DE02860061413F /* YellowHairCarTests */,
				4703D13F21DE02860061413F /* YellowHairCarUITests */,
				4703D11A21DE02840061413F /* Products */,
				B7994E66914660AB55310C8C /* Pods */,
				748BABF9977F29DF9B291C92 /* Frameworks */,
			);
			sourceTree = "<group>";
		};
		4703D11A21DE02840061413F /* Products */ = {
			isa = PBXGroup;
			children = (
				4703D11921DE02840061413F /* YellowHairCar.app */,
				4703D13121DE02860061413F /* YellowHairCarTests.xctest */,
				4703D13C21DE02860061413F /* YellowHairCarUITests.xctest */,
			);
			name = Products;
			sourceTree = "<group>";
		};
		4703D11B21DE02840061413F /* YellowHairCar */ = {
			isa = PBXGroup;
			children = (
				4703D15921DE0B960061413F /* category */,
				4703D15721DE0B960061413F /* Class */,
				4703D15821DE0B960061413F /* Home */,
				4703D15A21DE0BA30061413F /* Net */,
				4703D15B21DE128E0061413F /* src */,
				4703D11C21DE02840061413F /* AppDelegate.h */,
				4703D11D21DE02840061413F /* AppDelegate.m */,
				4703D11F21DE02840061413F /* ViewController.h */,
				4703D12021DE02840061413F /* ViewController.m */,
				4703D12221DE02840061413F /* Main.storyboard */,
				4703D12521DE02860061413F /* Assets.xcassets */,
				4703D12721DE02860061413F /* LaunchScreen.storyboard */,
				4703D12A21DE02860061413F /* Info.plist */,
				4703D12B21DE02860061413F /* main.m */,
			);
			path = YellowHairCar;
			sourceTree = "<group>";
		};
		4703D13421DE02860061413F /* YellowHairCarTests */ = {
			isa = PBXGroup;
			children = (
				4703D13521DE02860061413F /* YellowHairCarTests.m */,
				4703D13721DE02860061413F /* Info.plist */,
			);
			path = YellowHairCarTests;
			sourceTree = "<group>";
		};
		4703D13F21DE02860061413F /* YellowHairCarUITests */ = {
			isa = PBXGroup;
			children = (
				4703D14021DE02860061413F /* YellowHairCarUITests.m */,
				4703D14221DE02860061413F /* Info.plist */,
			);
			path = YellowHairCarUITests;
			sourceTree = "<group>";
		};
		4703D15721DE0B960061413F /* Class */ = {
			isa = PBXGroup;
			children = (
			);
			path = Class;
			sourceTree = "<group>";
		};
		4703D15821DE0B960061413F /* Home */ = {
			isa = PBXGroup;
			children = (
			);
			path = Home;
			sourceTree = "<group>";
		};
		4703D15921DE0B960061413F /* category */ = {
			isa = PBXGroup;
			children = (
			);
			path = category;
			sourceTree = "<group>";
		};
		4703D15A21DE0BA30061413F /* Net */ = {
			isa = PBXGroup;
			children = (
			);
			path = Net;
			sourceTree = "<group>";
		};
		4703D15B21DE128E0061413F /* src */ = {
			isa = PBXGroup;
			children = (
				4703D15C21DE12B80061413F /* YellowHairCarPCH.pch */,
			);
			path = src;
			sourceTree = "<group>";
		};
		748BABF9977F29DF9B291C92 /* Frameworks */ = {
			isa = PBXGroup;
			children = (
				C4B5224C9F4904A54EFC27A8 /* Pods_YellowHairCar.framework */,
			);
			name = Frameworks;
			sourceTree = "<group>";
		};
		B7994E66914660AB55310C8C /* Pods */ = {
			isa = PBXGroup;
			children = (
				EF4504DAE773535ACF67C731 /* Pods-YellowHairCar.debug.xcconfig */,
				B9ED43C967802D2A86AC3DF7 /* Pods-YellowHairCar.release.xcconfig */,
			);
			path = Pods;
			sourceTree = "<group>";
		};
/* End PBXGroup section */

/* Begin PBXNativeTarget section */
		4703D11821DE02840061413F /* YellowHairCar */ = {
			isa = PBXNativeTarget;
			buildConfigurationList = 4703D14521DE02860061413F /* Build configuration list for PBXNativeTarget "YellowHairCar" */;
			buildPhases = (
				09BBDDE5D0BFAC9CAA12C5BA /* [CP] Check Pods Manifest.lock */,
				4703D11521DE02840061413F /* Sources */,
				4703D11621DE02840061413F /* Frameworks */,
				4703D11721DE02840061413F /* Resources */,
				E7B59A69B02423D07F475E66 /* [CP] Embed Pods Frameworks */,
			);
			buildRules = (
			);
			dependencies = (
			);
			name = YellowHairCar;
			productName = YellowHairCar;
			productReference = 4703D11921DE02840061413F /* YellowHairCar.app */;
			productType = "com.apple.product-type.application";
		};
		4703D13021DE02860061413F /* YellowHairCarTests */ = {
			isa = PBXNativeTarget;
			buildConfigurationList = 4703D14821DE02860061413F /* Build configuration list for PBXNativeTarget "YellowHairCarTests" */;
			buildPhases = (
				4703D12D21DE02860061413F /* Sources */,
				4703D12E21DE02860061413F /* Frameworks */,
				4703D12F21DE02860061413F /* Resources */,
			);
			buildRules = (
			);
			dependencies = (
				4703D13321DE02860061413F /* PBXTargetDependency */,
			);
			name = YellowHairCarTests;
			productName = YellowHairCarTests;
			productReference = 4703D13121DE02860061413F /* YellowHairCarTests.xctest */;
			productType = "com.apple.product-type.bundle.unit-test";
		};
		4703D13B21DE02860061413F /* YellowHairCarUITests */ = {
			isa = PBXNativeTarget;
			buildConfigurationList = 4703D14B21DE02860061413F /* Build configuration list for PBXNativeTarget "YellowHairCarUITests" */;
			buildPhases = (
				4703D13821DE02860061413F /* Sources */,
				4703D13921DE02860061413F /* Frameworks */,
				4703D13A21DE02860061413F /* Resources */,
			);
			buildRules = (
			);
			dependencies = (
				4703D13E21DE02860061413F /* PBXTargetDependency */,
			);
			name = YellowHairCarUITests;
			productName = YellowHairCarUITests;
			productReference = 4703D13C21DE02860061413F /* YellowHairCarUITests.xctest */;
			productType = "com.apple.product-type.bundle.ui-testing";
		};
/* End PBXNativeTarget section */

/* Begin PBXProject section */
		4703D11121DE02840061413F /* Project object */ = {
			isa = PBXProject;
			attributes = {
				LastUpgradeCheck = 0930;
				ORGANIZATIONNAME = XChuan;
				TargetAttributes = {
					4703D11821DE02840061413F = {
						CreatedOnToolsVersion = 9.3;
					};
					4703D13021DE02860061413F = {
						CreatedOnToolsVersion = 9.3;
						TestTargetID = 4703D11821DE02840061413F;
					};
					4703D13B21DE02860061413F = {
						CreatedOnToolsVersion = 9.3;
						TestTargetID = 4703D11821DE02840061413F;
					};
				};
			};
			buildConfigurationList = 4703D11421DE02840061413F /* Build configuration list for PBXProject "YellowHairCar" */;
			compatibilityVersion = "Xcode 9.3";
			developmentRegion = en;
			hasScannedForEncodings = 0;
			knownRegions = (
				en,
				Base,
			);
			mainGroup = 4703D11021DE02840061413F;
			productRefGroup = 4703D11A21DE02840061413F /* Products */;
			projectDirPath = "";
			projectRoot = "";
			targets = (
				4703D11821DE02840061413F /* YellowHairCar */,
				4703D13021DE02860061413F /* YellowHairCarTests */,
				4703D13B21DE02860061413F /* YellowHairCarUITests */,
			);
		};
/* End PBXProject section */

/* Begin PBXResourcesBuildPhase section */
		4703D11721DE02840061413F /* Resources */ = {
			isa = PBXResourcesBuildPhase;
			buildActionMask = 2147483647;
			files = (
				4703D12921DE02860061413F /* LaunchScreen.storyboard in Resources */,
				4703D12621DE02860061413F /* Assets.xcassets in Resources */,
				4703D12421DE02840061413F /* Main.storyboard in Resources */,
			);
			runOnlyForDeploymentPostprocessing = 0;
		};
		4703D12F21DE02860061413F /* Resources */ = {
			isa = PBXResourcesBuildPhase;
			buildActionMask = 2147483647;
			files = (
			);
			runOnlyForDeploymentPostprocessing = 0;
		};
		4703D13A21DE02860061413F /* Resources */ = {
			isa = PBXResourcesBuildPhase;
			buildActionMask = 2147483647;
			files = (
			);
			runOnlyForDeploymentPostprocessing = 0;
		};
/* End PBXResourcesBuildPhase section */

/* Begin PBXShellScriptBuildPhase section */
		09BBDDE5D0BFAC9CAA12C5BA /* [CP] Check Pods Manifest.lock */ = {
			isa = PBXShellScriptBuildPhase;
			buildActionMask = 2147483647;
			files = (
			);
			inputPaths = (
				"${PODS_PODFILE_DIR_PATH}/Podfile.lock",
				"${PODS_ROOT}/Manifest.lock",
			);
			name = "[CP] Check Pods Manifest.lock";
			outputPaths = (
				"$(DERIVED_FILE_DIR)/Pods-YellowHairCar-checkManifestLockResult.txt",
			);
			runOnlyForDeploymentPostprocessing = 0;
			shellPath = /bin/sh;
			shellScript = "diff \"${PODS_PODFILE_DIR_PATH}/Podfile.lock\" \"${PODS_ROOT}/Manifest.lock\" > /dev/null\nif [ $? != 0 ] ; then\n    # print error to STDERR\n    echo \"error: The sandbox is not in sync with the Podfile.lock. Run 'pod install' or update your CocoaPods installation.\" >&2\n    exit 1\nfi\n# This output is used by Xcode 'outputs' to avoid re-running this script phase.\necho \"SUCCESS\" > \"${SCRIPT_OUTPUT_FILE_0}\"\n";
			showEnvVarsInLog = 0;
		};
		E7B59A69B02423D07F475E66 /* [CP] Embed Pods Frameworks */ = {
			isa = PBXShellScriptBuildPhase;
			buildActionMask = 2147483647;
			files = (
			);
			inputPaths = (
				"${PODS_ROOT}/Target Support Files/Pods-YellowHairCar/Pods-YellowHairCar-frameworks.sh",
				"${BUILT_PRODUCTS_DIR}/AFNetworking/AFNetworking.framework",
				"${BUILT_PRODUCTS_DIR}/Masonry/Masonry.framework",
			);
			name = "[CP] Embed Pods Frameworks";
			outputPaths = (
				"${TARGET_BUILD_DIR}/${FRAMEWORKS_FOLDER_PATH}/AFNetworking.framework",
				"${TARGET_BUILD_DIR}/${FRAMEWORKS_FOLDER_PATH}/Masonry.framework",
			);
			runOnlyForDeploymentPostprocessing = 0;
			shellPath = /bin/sh;
			shellScript = "\"${PODS_ROOT}/Target Support Files/Pods-YellowHairCar/Pods-YellowHairCar-frameworks.sh\"\n";
			showEnvVarsInLog = 0;
		};
/* End PBXShellScriptBuildPhase section */

/* Begin PBXSourcesBuildPhase section */
		4703D11521DE02840061413F /* Sources */ = {
			isa = PBXSourcesBuildPhase;
			buildActionMask = 2147483647;
			files = (
				4703D12121DE02840061413F /* ViewController.m in Sources */,
				4703D12C21DE02860061413F /* main.m in Sources */,
				4703D11E21DE02840061413F /* AppDelegate.m in Sources */,
			);
			runOnlyForDeploymentPostprocessing = 0;
		};
		4703D12D21DE02860061413F /* Sources */ = {
			isa = PBXSourcesBuildPhase;
			buildActionMask = 2147483647;
			files = (
				4703D13621DE02860061413F /* YellowHairCarTests.m in Sources */,
			);
			runOnlyForDeploymentPostprocessing = 0;
		};
		4703D13821DE02860061413F /* Sources */ = {
			isa = PBXSourcesBuildPhase;
			buildActionMask = 2147483647;
			files = (
				4703D14121DE02860061413F /* YellowHairCarUITests.m in Sources */,
			);
			runOnlyForDeploymentPostprocessing = 0;
		};
/* End PBXSourcesBuildPhase section */

/* Begin PBXTargetDependency section */
		4703D13321DE02860061413F /* PBXTargetDependency */ = {
			isa = PBXTargetDependency;
			target = 4703D11821DE02840061413F /* YellowHairCar */;
			targetProxy = 4703D13221DE02860061413F /* PBXContainerItemProxy */;
		};
		4703D13E21DE02860061413F /* PBXTargetDependency */ = {
			isa = PBXTargetDependency;
			target = 4703D11821DE02840061413F /* YellowHairCar */;
			targetProxy = 4703D13D21DE02860061413F /* PBXContainerItemProxy */;
		};
/* End PBXTargetDependency section */

/* Begin PBXVariantGroup section */
		4703D12221DE02840061413F /* Main.storyboard */ = {
			isa = PBXVariantGroup;
			children = (
				4703D12321DE02840061413F /* Base */,
			);
			name = Main.storyboard;
			sourceTree = "<group>";
		};
		4703D12721DE02860061413F /* LaunchScreen.storyboard */ = {
			isa = PBXVariantGroup;
			children = (
				4703D12821DE02860061413F /* Base */,
			);
			name = LaunchScreen.storyboard;
			sourceTree = "<group>";
		};
/* End PBXVariantGroup section */

/* Begin XCBuildConfiguration section */
		4703D14321DE02860061413F /* Debug */ = {
			isa = XCBuildConfiguration;
			buildSettings = {
				ALWAYS_SEARCH_USER_PATHS = NO;
				CLANG_ANALYZER_NONNULL = YES;
				CLANG_ANALYZER_NUMBER_OBJECT_CONVERSION = YES_AGGRESSIVE;
				CLANG_CXX_LANGUAGE_STANDARD = "gnu++14";
				CLANG_CXX_LIBRARY = "libc++";
				CLANG_ENABLE_MODULES = YES;
				CLANG_ENABLE_OBJC_ARC = YES;
				CLANG_ENABLE_OBJC_WEAK = YES;
				CLANG_WARN_BLOCK_CAPTURE_AUTORELEASING = YES;
				CLANG_WARN_BOOL_CONVERSION = YES;
				CLANG_WARN_COMMA = YES;
				CLANG_WARN_CONSTANT_CONVERSION = YES;
				CLANG_WARN_DEPRECATED_OBJC_IMPLEMENTATIONS = YES;
				CLANG_WARN_DIRECT_OBJC_ISA_USAGE = YES_ERROR;
				CLANG_WARN_DOCUMENTATION_COMMENTS = YES;
				CLANG_WARN_EMPTY_BODY = YES;
				CLANG_WARN_ENUM_CONVERSION = YES;
				CLANG_WARN_INFINITE_RECURSION = YES;
				CLANG_WARN_INT_CONVERSION = YES;
				CLANG_WARN_NON_LITERAL_NULL_CONVERSION = YES;
				CLANG_WARN_OBJC_IMPLICIT_RETAIN_SELF = YES;
				CLANG_WARN_OBJC_LITERAL_CONVERSION = YES;
				CLANG_WARN_OBJC_ROOT_CLASS = YES_ERROR;
				CLANG_WARN_RANGE_LOOP_ANALYSIS = YES;
				CLANG_WARN_STRICT_PROTOTYPES = YES;
				CLANG_WARN_SUSPICIOUS_MOVE = YES;
				CLANG_WARN_UNGUARDED_AVAILABILITY = YES_AGGRESSIVE;
				CLANG_WARN_UNREACHABLE_CODE = YES;
				CLANG_WARN__DUPLICATE_METHOD_MATCH = YES;
				CODE_SIGN_IDENTITY = "iPhone Developer";
				COPY_PHASE_STRIP = NO;
				DEBUG_INFORMATION_FORMAT = dwarf;
				ENABLE_STRICT_OBJC_MSGSEND = YES;
				ENABLE_TESTABILITY = YES;
				GCC_C_LANGUAGE_STANDARD = gnu11;
				GCC_DYNAMIC_NO_PIC = NO;
				GCC_NO_COMMON_BLOCKS = YES;
				GCC_OPTIMIZATION_LEVEL = 0;
				GCC_PREPROCESSOR_DEFINITIONS = (
					"DEBUG=1",
					"$(inherited)",
				);
				GCC_WARN_64_TO_32_BIT_CONVERSION = YES;
				GCC_WARN_ABOUT_RETURN_TYPE = YES_ERROR;
				GCC_WARN_UNDECLARED_SELECTOR = YES;
				GCC_WARN_UNINITIALIZED_AUTOS = YES_AGGRESSIVE;
				GCC_WARN_UNUSED_FUNCTION = YES;
				GCC_WARN_UNUSED_VARIABLE = YES;
				IPHONEOS_DEPLOYMENT_TARGET = 11.3;
				MTL_ENABLE_DEBUG_INFO = YES;
				ONLY_ACTIVE_ARCH = YES;
				SDKROOT = iphoneos;
			};
			name = Debug;
		};
		4703D14421DE02860061413F /* Release */ = {
			isa = XCBuildConfiguration;
			buildSettings = {
				ALWAYS_SEARCH_USER_PATHS = NO;
				CLANG_ANALYZER_NONNULL = YES;
				CLANG_ANALYZER_NUMBER_OBJECT_CONVERSION = YES_AGGRESSIVE;
				CLANG_CXX_LANGUAGE_STANDARD = "gnu++14";
				CLANG_CXX_LIBRARY = "libc++";
				CLANG_ENABLE_MODULES = YES;
				CLANG_ENABLE_OBJC_ARC = YES;
				CLANG_ENABLE_OBJC_WEAK = YES;
				CLANG_WARN_BLOCK_CAPTURE_AUTORELEASING = YES;
				CLANG_WARN_BOOL_CONVERSION = YES;
				CLANG_WARN_COMMA = YES;
				CLANG_WARN_CONSTANT_CONVERSION = YES;
				CLANG_WARN_DEPRECATED_OBJC_IMPLEMENTATIONS = YES;
				CLANG_WARN_DIRECT_OBJC_ISA_USAGE = YES_ERROR;
				CLANG_WARN_DOCUMENTATION_COMMENTS = YES;
				CLANG_WARN_EMPTY_BODY = YES;
				CLANG_WARN_ENUM_CONVERSION = YES;
				CLANG_WARN_INFINITE_RECURSION = YES;
				CLANG_WARN_INT_CONVERSION = YES;
				CLANG_WARN_NON_LITERAL_NULL_CONVERSION = YES;
				CLANG_WARN_OBJC_IMPLICIT_RETAIN_SELF = YES;
				CLANG_WARN_OBJC_LITERAL_CONVERSION = YES;
				CLANG_WARN_OBJC_ROOT_CLASS = YES_ERROR;
				CLANG_WARN_RANGE_LOOP_ANALYSIS = YES;
				CLANG_WARN_STRICT_PROTOTYPES = YES;
				CLANG_WARN_SUSPICIOUS_MOVE = YES;
				CLANG_WARN_UNGUARDED_AVAILABILITY = YES_AGGRESSIVE;
				CLANG_WARN_UNREACHABLE_CODE = YES;
				CLANG_WARN__DUPLICATE_METHOD_MATCH = YES;
				CODE_SIGN_IDENTITY = "iPhone Developer";
				COPY_PHASE_STRIP = NO;
				DEBUG_INFORMATION_FORMAT = "dwarf-with-dsym";
				ENABLE_NS_ASSERTIONS = NO;
				ENABLE_STRICT_OBJC_MSGSEND = YES;
				GCC_C_LANGUAGE_STANDARD = gnu11;
				GCC_NO_COMMON_BLOCKS = YES;
				GCC_WARN_64_TO_32_BIT_CONVERSION = YES;
				GCC_WARN_ABOUT_RETURN_TYPE = YES_ERROR;
				GCC_WARN_UNDECLARED_SELECTOR = YES;
				GCC_WARN_UNINITIALIZED_AUTOS = YES_AGGRESSIVE;
				GCC_WARN_UNUSED_FUNCTION = YES;
				GCC_WARN_UNUSED_VARIABLE = YES;
				IPHONEOS_DEPLOYMENT_TARGET = 11.3;
				MTL_ENABLE_DEBUG_INFO = NO;
				SDKROOT = iphoneos;
				VALIDATE_PRODUCT = YES;
			};
			name = Release;
		};
		4703D14621DE02860061413F /* Debug */ = {
			isa = XCBuildConfiguration;
			baseConfigurationReference = EF4504DAE773535ACF67C731 /* Pods-YellowHairCar.debug.xcconfig */;
			buildSettings = {
				ASSETCATALOG_COMPILER_APPICON_NAME = AppIcon;
				CODE_SIGN_STYLE = Automatic;
				GCC_PRECOMPILE_PREFIX_HEADER = YES;
				GCC_PREFIX_HEADER = /Users/xuwenyan/Desktop/YellowCar/YellowHairCar/YellowHairCar/src/YellowHairCarPCH.pch;
				INFOPLIST_FILE = YellowHairCar/Info.plist;
				IPHONEOS_DEPLOYMENT_TARGET = 9.0;
				LD_RUNPATH_SEARCH_PATHS = (
					"$(inherited)",
					"@executable_path/Frameworks",
				);
				PRODUCT_BUNDLE_IDENTIFIER = XC.YellowHairCar;
				PRODUCT_NAME = "$(TARGET_NAME)";
				TARGETED_DEVICE_FAMILY = "1,2";
			};
			name = Debug;
		};
		4703D14721DE02860061413F /* Release */ = {
			isa = XCBuildConfiguration;
			baseConfigurationReference = B9ED43C967802D2A86AC3DF7 /* Pods-YellowHairCar.release.xcconfig */;
			buildSettings = {
				ASSETCATALOG_COMPILER_APPICON_NAME = AppIcon;
				CODE_SIGN_STYLE = Automatic;
				GCC_PRECOMPILE_PREFIX_HEADER = YES;
				GCC_PREFIX_HEADER = /Users/xuwenyan/Desktop/YellowCar/YellowHairCar/YellowHairCar/src/YellowHairCarPCH.pch;
				INFOPLIST_FILE = YellowHairCar/Info.plist;
				IPHONEOS_DEPLOYMENT_TARGET = 9.0;
				LD_RUNPATH_SEARCH_PATHS = (
					"$(inherited)",
					"@executable_path/Frameworks",
				);
				PRODUCT_BUNDLE_IDENTIFIER = XC.YellowHairCar;
				PRODUCT_NAME = "$(TARGET_NAME)";
				TARGETED_DEVICE_FAMILY = "1,2";
			};
			name = Release;
		};
		4703D14921DE02860061413F /* Debug */ = {
			isa = XCBuildConfiguration;
			buildSettings = {
				BUNDLE_LOADER = "$(TEST_HOST)";
				CODE_SIGN_STYLE = Automatic;
				INFOPLIST_FILE = YellowHairCarTests/Info.plist;
				LD_RUNPATH_SEARCH_PATHS = (
					"$(inherited)",
					"@executable_path/Frameworks",
					"@loader_path/Frameworks",
				);
				PRODUCT_BUNDLE_IDENTIFIER = XC.YellowHairCarTests;
				PRODUCT_NAME = "$(TARGET_NAME)";
				TARGETED_DEVICE_FAMILY = "1,2";
				TEST_HOST = "$(BUILT_PRODUCTS_DIR)/YellowHairCar.app/YellowHairCar";
			};
			name = Debug;
		};
		4703D14A21DE02860061413F /* Release */ = {
			isa = XCBuildConfiguration;
			buildSettings = {
				BUNDLE_LOADER = "$(TEST_HOST)";
				CODE_SIGN_STYLE = Automatic;
				INFOPLIST_FILE = YellowHairCarTests/Info.plist;
				LD_RUNPATH_SEARCH_PATHS = (
					"$(inherited)",
					"@executable_path/Frameworks",
					"@loader_path/Frameworks",
				);
				PRODUCT_BUNDLE_IDENTIFIER = XC.YellowHairCarTests;
				PRODUCT_NAME = "$(TARGET_NAME)";
				TARGETED_DEVICE_FAMILY = "1,2";
				TEST_HOST = "$(BUILT_PRODUCTS_DIR)/YellowHairCar.app/YellowHairCar";
			};
			name = Release;
		};
		4703D14C21DE02860061413F /* Debug */ = {
			isa = XCBuildConfiguration;
			buildSettings = {
				CODE_SIGN_STYLE = Automatic;
				INFOPLIST_FILE = YellowHairCarUITests/Info.plist;
				LD_RUNPATH_SEARCH_PATHS = (
					"$(inherited)",
					"@executable_path/Frameworks",
					"@loader_path/Frameworks",
				);
				PRODUCT_BUNDLE_IDENTIFIER = XC.YellowHairCarUITests;
				PRODUCT_NAME = "$(TARGET_NAME)";
				TARGETED_DEVICE_FAMILY = "1,2";
				TEST_TARGET_NAME = YellowHairCar;
			};
			name = Debug;
		};
		4703D14D21DE02860061413F /* Release */ = {
			isa = XCBuildConfiguration;
			buildSettings = {
				CODE_SIGN_STYLE = Automatic;
				INFOPLIST_FILE = YellowHairCarUITests/Info.plist;
				LD_RUNPATH_SEARCH_PATHS = (
					"$(inherited)",
					"@executable_path/Frameworks",
					"@loader_path/Frameworks",
				);
				PRODUCT_BUNDLE_IDENTIFIER = XC.YellowHairCarUITests;
				PRODUCT_NAME = "$(TARGET_NAME)";
				TARGETED_DEVICE_FAMILY = "1,2";
				TEST_TARGET_NAME = YellowHairCar;
			};
			name = Release;
		};
/* End XCBuildConfiguration section */

/* Begin XCConfigurationList section */
		4703D11421DE02840061413F /* Build configuration list for PBXProject "YellowHairCar" */ = {
			isa = XCConfigurationList;
			buildConfigurations = (
				4703D14321DE02860061413F /* Debug */,
				4703D14421DE02860061413F /* Release */,
			);
			defaultConfigurationIsVisible = 0;
			defaultConfigurationName = Release;
		};
		4703D14521DE02860061413F /* Build configuration list for PBXNativeTarget "YellowHairCar" */ = {
			isa = XCConfigurationList;
			buildConfigurations = (
				4703D14621DE02860061413F /* Debug */,
				4703D14721DE02860061413F /* Release */,
			);
			defaultConfigurationIsVisible = 0;
			defaultConfigurationName = Release;
		};
		4703D14821DE02860061413F /* Build configuration list for PBXNativeTarget "YellowHairCarTests" */ = {
			isa = XCConfigurationList;
			buildConfigurations = (
				4703D14921DE02860061413F /* Debug */,
				4703D14A21DE02860061413F /* Release */,
			);
			defaultConfigurationIsVisible = 0;
			defaultConfigurationName = Release;
		};
		4703D14B21DE02860061413F /* Build configuration list for PBXNativeTarget "YellowHairCarUITests" */ = {
			isa = XCConfigurationList;
			buildConfigurations = (
				4703D14C21DE02860061413F /* Debug */,
				4703D14D21DE02860061413F /* Release */,
			);
			defaultConfigurationIsVisible = 0;
			defaultConfigurationName = Release;
		};
/* End XCConfigurationList section */
	};
	rootObject = 4703D11121DE02840061413F /* Project object */;
}
